
Microsoft Visual Studio Solution File, Format Version 12.00
# Visual Studio Version 17
VisualStudioVersion = 17.1.32210.238
MinimumVisualStudioVersion = 10.0.40219.1
Project("{FAE04EC0-301F-11D3-BF4B-00C04F79EFBC}") = "Session-05", "Session-05\Session-05.csproj", "{78D6D2F0-D952-4CEE-87D2-7FD092B43F74}"
EndProject
Global
	GlobalSection(SolutionConfigurationPlatforms) = preSolution
		Debug|Any CPU = Debug|Any CPU
		Release|Any CPU = Release|Any CPU
	EndGlobalSection
	GlobalSection(ProjectConfigurationPlatforms) = postSolution
		{78D6D2F0-D952-4CEE-87D2-7FD092B43F74}.Debug|Any CPU.ActiveCfg = Debug|Any CPU
		{78D6D2F0-D952-4CEE-87D2-7FD092B43F74}.Debug|Any CPU.Build.0 = Debug|Any CPU
		{78D6D2F0-D952-4CEE-87D2-7FD092B43F74}.Release|Any CPU.ActiveCfg = Release|Any CPU
		{78D6D2F0-D952-4CEE-87D2-7FD092B43F74}.Release|Any CPU.Build.0 = Release|Any CPU
	EndGlobalSection
	GlobalSection(SolutionProperties) = preSolution
		HideSolutionNode = FALSE
	EndGlobalSection
	GlobalSection(ExtensibilityGlobals) = postSolution
		SolutionGuid = {812B9E20-517B-4522-986C-8958D04C0830}
	EndGlobalSection
EndGlobal
